// !$*UTF8*$!
{
	archiveVersion = 1;
	classes = {
	};
	objectVersion = 56;
	objects = {

/* Begin PBXBuildFile section */
		359FE0C12AD04E89003644DB /* AppDelegate.swift in Sources */ = {isa = PBXBuildFile; fileRef = 359FE0C02AD04E89003644DB /* AppDelegate.swift */; };
		359FE0C32AD04E89003644DB /* SceneDelegate.swift in Sources */ = {isa = PBXBuildFile; fileRef = 359FE0C22AD04E89003644DB /* SceneDelegate.swift */; };
		359FE0C52AD04E89003644DB /* ViewController.swift in Sources */ = {isa = PBXBuildFile; fileRef = 359FE0C42AD04E89003644DB /* ViewController.swift */; };
		359FE0C82AD04E89003644DB /* Main.storyboard in Resources */ = {isa = PBXBuildFile; fileRef = 359FE0C62AD04E89003644DB /* Main.storyboard */; };
		359FE0CB2AD04E89003644DB /* ClassNotes.xcdatamodeld in Sources */ = {isa = PBXBuildFile; fileRef = 359FE0C92AD04E89003644DB /* ClassNotes.xcdatamodeld */; };
		359FE0CD2AD04E8A003644DB /* Assets.xcassets in Resources */ = {isa = PBXBuildFile; fileRef = 359FE0CC2AD04E8A003644DB /* Assets.xcassets */; };
		359FE0D02AD04E8A003644DB /* LaunchScreen.storyboard in Resources */ = {isa = PBXBuildFile; fileRef = 359FE0CE2AD04E8A003644DB /* LaunchScreen.storyboard */; };
		359FE0DB2AD04E8A003644DB /* ClassNotesTests.swift in Sources */ = {isa = PBXBuildFile; fileRef = 359FE0DA2AD04E8A003644DB /* ClassNotesTests.swift */; };
		359FE0E52AD04E8A003644DB /* ClassNotesUITests.swift in Sources */ = {isa = PBXBuildFile; fileRef = 359FE0E42AD04E8A003644DB /* ClassNotesUITests.swift */; };
		359FE0E72AD04E8A003644DB /* ClassNotesUITestsLaunchTests.swift in Sources */ = {isa = PBXBuildFile; fileRef = 359FE0E62AD04E8A003644DB /* ClassNotesUITestsLaunchTests.swift */; };
		359FE0F42AD04F3F003644DB /* Student.swift in Sources */ = {isa = PBXBuildFile; fileRef = 359FE0F32AD04F3F003644DB /* Student.swift */; };
		359FE0F62AD0558B003644DB /* ViewController2.swift in Sources */ = {isa = PBXBuildFile; fileRef = 359FE0F52AD0558B003644DB /* ViewController2.swift */; };
/* End PBXBuildFile section */

/* Begin PBXContainerItemProxy section */
		359FE0D72AD04E8A003644DB /* PBXContainerItemProxy */ = {
			isa = PBXContainerItemProxy;
			containerPortal = 359FE0B52AD04E89003644DB /* Project object */;
			proxyType = 1;
			remoteGlobalIDString = 359FE0BC2AD04E89003644DB;
			remoteInfo = ClassNotes;
		};
		359FE0E12AD04E8A003644DB /* PBXContainerItemProxy */ = {
			isa = PBXContainerItemProxy;
			containerPortal = 359FE0B52AD04E89003644DB /* Project object */;
			proxyType = 1;
			remoteGlobalIDString = 359FE0BC2AD04E89003644DB;
			remoteInfo = ClassNotes;
		};
/* End PBXContainerItemProxy section */

/* Begin PBXFileReference section */
		359FE0BD2AD04E89003644DB /* ClassNotes.app */ = {isa = PBXFileReference; explicitFileType = wrapper.application; includeInIndex = 0; path = ClassNotes.app; sourceTree = BUILT_PRODUCTS_DIR; };
		359FE0C02AD04E89003644DB /* AppDelegate.swift */ = {isa = PBXFileReference; lastKnownFileType = sourcecode.swift; path = AppDelegate.swift; sourceTree = "<group>"; };
		359FE0C22AD04E89003644DB /* SceneDelegate.swift */ = {isa = PBXFileReference; lastKnownFileType = sourcecode.swift; path = SceneDelegate.swift; sourceTree = "<group>"; };
		359FE0C42AD04E89003644DB /* ViewController.swift */ = {isa = PBXFileReference; lastKnownFileType = sourcecode.swift; path = ViewController.swift; sourceTree = "<group>"; };
		359FE0C72AD04E89003644DB /* Base */ = {isa = PBXFileReference; lastKnownFileType = file.storyboard; name = Base; path = Base.lproj/Main.storyboard; sourceTree = "<group>"; };
		359FE0CA2AD04E89003644DB /* ClassNotes.xcdatamodel */ = {isa = PBXFileReference; lastKnownFileType = wrapper.xcdatamodel; path = ClassNotes.xcdatamodel; sourceTree = "<group>"; };
		359FE0CC2AD04E8A003644DB /* Assets.xcassets */ = {isa = PBXFileReference; lastKnownFileType = folder.assetcatalog; path = Assets.xcassets; sourceTree = "<group>"; };
		359FE0CF2AD04E8A003644DB /* Base */ = {isa = PBXFileReference; lastKnownFileType = file.storyboard; name = Base; path = Base.lproj/LaunchScreen.storyboard; sourceTree = "<group>"; };
		359FE0D12AD04E8A003644DB /* Info.plist */ = {isa = PBXFileReference; lastKnownFileType = text.plist.xml; path = Info.plist; sourceTree = "<group>"; };
		359FE0D62AD04E8A003644DB /* ClassNotesTests.xctest */ = {isa = PBXFileReference; explicitFileType = wrapper.cfbundle; includeInIndex = 0; path = ClassNotesTests.xctest; sourceTree = BUILT_PRODUCTS_DIR; };
		359FE0DA2AD04E8A003644DB /* ClassNotesTests.swift */ = {isa = PBXFileReference; lastKnownFileType = sourcecode.swift; path = ClassNotesTests.swift; sourceTree = "<group>"; };
		359FE0E02AD04E8A003644DB /* ClassNotesUITests.xctest */ = {isa = PBXFileReference; explicitFileType = wrapper.cfbundle; includeInIndex = 0; path = ClassNotesUITests.xctest; sourceTree = BUILT_PRODUCTS_DIR; };
		359FE0E42AD04E8A003644DB /* ClassNotesUITests.swift */ = {isa = PBXFileReference; lastKnownFileType = sourcecode.swift; path = ClassNotesUITests.swift; sourceTree = "<group>"; };
		359FE0E62AD04E8A003644DB /* ClassNotesUITestsLaunchTests.swift */ = {isa = PBXFileReference; lastKnownFileType = sourcecode.swift; path = ClassNotesUITestsLaunchTests.swift; sourceTree = "<group>"; };
		359FE0F32AD04F3F003644DB /* Student.swift */ = {isa = PBXFileReference; lastKnownFileType = sourcecode.swift; path = Student.swift; sourceTree = "<group>"; };
		359FE0F52AD0558B003644DB /* ViewController2.swift */ = {isa = PBXFileReference; lastKnownFileType = sourcecode.swift; path = ViewController2.swift; sourceTree = "<group>"; };
/* End PBXFileReference section */

/* Begin PBXFrameworksBuildPhase section */
		359FE0BA2AD04E89003644DB /* Frameworks */ = {
			isa = PBXFrameworksBuildPhase;
			buildActionMask = 2147483647;
			files = (
			);
			runOnlyForDeploymentPostprocessing = 0;
		};
		359FE0D32AD04E8A003644DB /* Frameworks */ = {
			isa = PBXFrameworksBuildPhase;
			buildActionMask = 2147483647;
			files = (
			);
			runOnlyForDeploymentPostprocessing = 0;
		};
		359FE0DD2AD04E8A003644DB /* Frameworks */ = {
			isa = PBXFrameworksBuildPhase;
			buildActionMask = 2147483647;
			files = (
			);
			runOnlyForDeploymentPostprocessing = 0;
		};
/* End PBXFrameworksBuildPhase section */

/* Begin PBXGroup section */
		359FE0B42AD04E89003644DB = {
			isa = PBXGroup;
			children = (
				359FE0BF2AD04E89003644DB /* ClassNotes */,
				359FE0D92AD04E8A003644DB /* ClassNotesTests */,
				359FE0E32AD04E8A003644DB /* ClassNotesUITests */,
				359FE0BE2AD04E89003644DB /* Products */,
			);
			sourceTree = "<group>";
		};
		359FE0BE2AD04E89003644DB /* Products */ = {
			isa = PBXGroup;
			children = (
				359FE0BD2AD04E89003644DB /* ClassNotes.app */,
				359FE0D62AD04E8A003644DB /* ClassNotesTests.xctest */,
				359FE0E02AD04E8A003644DB /* ClassNotesUITests.xctest */,
			);
			name = Products;
			sourceTree = "<group>";
		};
		359FE0BF2AD04E89003644DB /* ClassNotes */ = {
			isa = PBXGroup;
			children = (
				359FE0C02AD04E89003644DB /* AppDelegate.swift */,
				359FE0C22AD04E89003644DB /* SceneDelegate.swift */,
				359FE0C42AD04E89003644DB /* ViewController.swift */,
				359FE0F52AD0558B003644DB /* ViewController2.swift */,
				359FE0C62AD04E89003644DB /* Main.storyboard */,
				359FE0F32AD04F3F003644DB /* Student.swift */,
				359FE0CC2AD04E8A003644DB /* Assets.xcassets */,
				359FE0CE2AD04E8A003644DB /* LaunchScreen.storyboard */,
				359FE0D12AD04E8A003644DB /* Info.plist */,
				359FE0C92AD04E89003644DB /* ClassNotes.xcdatamodeld */,
			);
			path = ClassNotes;
			sourceTree = "<group>";
		};
		359FE0D92AD04E8A003644DB /* ClassNotesTests */ = {
			isa = PBXGroup;
			children = (
				359FE0DA2AD04E8A003644DB /* ClassNotesTests.swift */,
			);
			path = ClassNotesTests;
			sourceTree = "<group>";
		};
		359FE0E32AD04E8A003644DB /* ClassNotesUITests */ = {
			isa = PBXGroup;
			children = (
				359FE0E42AD04E8A003644DB /* ClassNotesUITests.swift */,
				359FE0E62AD04E8A003644DB /* ClassNotesUITestsLaunchTests.swift */,
			);
			path = ClassNotesUITests;
			sourceTree = "<group>";
		};
/* End PBXGroup section */

/* Begin PBXNativeTarget section */
		359FE0BC2AD04E89003644DB /* ClassNotes */ = {
			isa = PBXNativeTarget;
			buildConfigurationList = 359FE0EA2AD04E8A003644DB /* Build configuration list for PBXNativeTarget "ClassNotes" */;
			buildPhases = (
				359FE0B92AD04E89003644DB /* Sources */,
				359FE0BA2AD04E89003644DB /* Frameworks */,
				359FE0BB2AD04E89003644DB /* Resources */,
			);
			buildRules = (
			);
			dependencies = (
			);
			name = ClassNotes;
			productName = ClassNotes;
			productReference = 359FE0BD2AD04E89003644DB /* ClassNotes.app */;
			productType = "com.apple.product-type.application";
		};
		359FE0D52AD04E8A003644DB /* ClassNotesTests */ = {
			isa = PBXNativeTarget;
			buildConfigurationList = 359FE0ED2AD04E8A003644DB /* Build configuration list for PBXNativeTarget "ClassNotesTests" */;
			buildPhases = (
				359FE0D22AD04E8A003644DB /* Sources */,
				359FE0D32AD04E8A003644DB /* Frameworks */,
				359FE0D42AD04E8A003644DB /* Resources */,
			);
			buildRules = (
			);
			dependencies = (
				359FE0D82AD04E8A003644DB /* PBXTargetDependency */,
			);
			name = ClassNotesTests;
			productName = ClassNotesTests;
			productReference = 359FE0D62AD04E8A003644DB /* ClassNotesTests.xctest */;
			productType = "com.apple.product-type.bundle.unit-test";
		};
		359FE0DF2AD04E8A003644DB /* ClassNotesUITests */ = {
			isa = PBXNativeTarget;
			buildConfigurationList = 359FE0F02AD04E8A003644DB /* Build configuration list for PBXNativeTarget "ClassNotesUITests" */;
			buildPhases = (
				359FE0DC2AD04E8A003644DB /* Sources */,
				359FE0DD2AD04E8A003644DB /* Frameworks */,
				359FE0DE2AD04E8A003644DB /* Resources */,
			);
			buildRules = (
			);
			dependencies = (
				359FE0E22AD04E8A003644DB /* PBXTargetDependency */,
			);
			name = ClassNotesUITests;
			productName = ClassNotesUITests;
			productReference = 359FE0E02AD04E8A003644DB /* ClassNotesUITests.xctest */;
			productType = "com.apple.product-type.bundle.ui-testing";
		};
/* End PBXNativeTarget section */

/* Begin PBXProject section */
		359FE0B52AD04E89003644DB /* Project object */ = {
			isa = PBXProject;
			attributes = {
				BuildIndependentTargetsInParallel = 1;
				LastSwiftUpdateCheck = 1430;
				LastUpgradeCheck = 1430;
				TargetAttributes = {
					359FE0BC2AD04E89003644DB = {
						CreatedOnToolsVersion = 14.3.1;
					};
					359FE0D52AD04E8A003644DB = {
						CreatedOnToolsVersion = 14.3.1;
						TestTargetID = 359FE0BC2AD04E89003644DB;
					};
					359FE0DF2AD04E8A003644DB = {
						CreatedOnToolsVersion = 14.3.1;
						TestTargetID = 359FE0BC2AD04E89003644DB;
					};
				};
			};
			buildConfigurationList = 359FE0B82AD04E89003644DB /* Build configuration list for PBXProject "ClassNotes" */;
			compatibilityVersion = "Xcode 14.0";
			developmentRegion = en;
			hasScannedForEncodings = 0;
			knownRegions = (
				en,
				Base,
			);
			mainGroup = 359FE0B42AD04E89003644DB;
			productRefGroup = 359FE0BE2AD04E89003644DB /* Products */;
			projectDirPath = "";
			projectRoot = "";
			targets = (
				359FE0BC2AD04E89003644DB /* ClassNotes */,
				359FE0D52AD04E8A003644DB /* ClassNotesTests */,
				359FE0DF2AD04E8A003644DB /* ClassNotesUITests */,
			);
		};
/* End PBXProject section */

/* Begin PBXResourcesBuildPhase section */
		359FE0BB2AD04E89003644DB /* Resources */ = {
			isa = PBXResourcesBuildPhase;
			buildActionMask = 2147483647;
			files = (
				359FE0D02AD04E8A003644DB /* LaunchScreen.storyboard in Resources */,
				359FE0CD2AD04E8A003644DB /* Assets.xcassets in Resources */,
				359FE0C82AD04E89003644DB /* Main.storyboard in Resources */,
			);
			runOnlyForDeploymentPostprocessing = 0;
		};
		359FE0D42AD04E8A003644DB /* Resources */ = {
			isa = PBXResourcesBuildPhase;
			buildActionMask = 2147483647;
			files = (
			);
			runOnlyForDeploymentPostprocessing = 0;
		};
		359FE0DE2AD04E8A003644DB /* Resources */ = {
			isa = PBXResourcesBuildPhase;
			buildActionMask = 2147483647;
			files = (
			);
			runOnlyForDeploymentPostprocessing = 0;
		};
/* End PBXResourcesBuildPhase section */

/* Begin PBXSourcesBuildPhase section */
		359FE0B92AD04E89003644DB /* Sources */ = {
			isa = PBXSourcesBuildPhase;
			buildActionMask = 2147483647;
			files = (
				359FE0C52AD04E89003644DB /* ViewController.swift in Sources */,
				359FE0C12AD04E89003644DB /* AppDelegate.swift in Sources */,
				359FE0CB2AD04E89003644DB /* ClassNotes.xcdatamodeld in Sources */,
				359FE0F42AD04F3F003644DB /* Student.swift in Sources */,
				359FE0C32AD04E89003644DB /* SceneDelegate.swift in Sources */,
				359FE0F62AD0558B003644DB /* ViewController2.swift in Sources */,
			);
			runOnlyForDeploymentPostprocessing = 0;
		};
		359FE0D22AD04E8A003644DB /* Sources */ = {
			isa = PBXSourcesBuildPhase;
			buildActionMask = 2147483647;
			files = (
				359FE0DB2AD04E8A003644DB /* ClassNotesTests.swift in Sources */,
			);
			runOnlyForDeploymentPostprocessing = 0;
		};
		359FE0DC2AD04E8A003644DB /* Sources */ = {
			isa = PBXSourcesBuildPhase;
			buildActionMask = 2147483647;
			files = (
				359FE0E52AD04E8A003644DB /* ClassNotesUITests.swift in Sources */,
				359FE0E72AD04E8A003644DB /* ClassNotesUITestsLaunchTests.swift in Sources */,
			);
			runOnlyForDeploymentPostprocessing = 0;
		};
/* End PBXSourcesBuildPhase section */

/* Begin PBXTargetDependency section */
		359FE0D82AD04E8A003644DB /* PBXTargetDependency */ = {
			isa = PBXTargetDependency;
			target = 359FE0BC2AD04E89003644DB /* ClassNotes */;
			targetProxy = 359FE0D72AD04E8A003644DB /* PBXContainerItemProxy */;
		};
		359FE0E22AD04E8A003644DB /* PBXTargetDependency */ = {
			isa = PBXTargetDependency;
			target = 359FE0BC2AD04E89003644DB /* ClassNotes */;
			targetProxy = 359FE0E12AD04E8A003644DB /* PBXContainerItemProxy */;
		};
/* End PBXTargetDependency section */

/* Begin PBXVariantGroup section */
		359FE0C62AD04E89003644DB /* Main.storyboard */ = {
			isa = PBXVariantGroup;
			children = (
				359FE0C72AD04E89003644DB /* Base */,
			);
			name = Main.storyboard;
			sourceTree = "<group>";
		};
		359FE0CE2AD04E8A003644DB /* LaunchScreen.storyboard */ = {
			isa = PBXVariantGroup;
			children = (
				359FE0CF2AD04E8A003644DB /* Base */,
			);
			name = LaunchScreen.storyboard;
			sourceTree = "<group>";
		};
/* End PBXVariantGroup section */

/* Begin XCBuildConfiguration section */
		359FE0E82AD04E8A003644DB /* Debug */ = {
			isa = XCBuildConfiguration;
			buildSettings = {
				ALWAYS_SEARCH_USER_PATHS = NO;
				CLANG_ANALYZER_NONNULL = YES;
				CLANG_ANALYZER_NUMBER_OBJECT_CONVERSION = YES_AGGRESSIVE;
				CLANG_CXX_LANGUAGE_STANDARD = "gnu++20";
				CLANG_ENABLE_MODULES = YES;
				CLANG_ENABLE_OBJC_ARC = YES;
				CLANG_ENABLE_OBJC_WEAK = YES;
				CLANG_WARN_BLOCK_CAPTURE_AUTORELEASING = YES;
				CLANG_WARN_BOOL_CONVERSION = YES;
				CLANG_WARN_COMMA = YES;
				CLANG_WARN_CONSTANT_CONVERSION = YES;
				CLANG_WARN_DEPRECATED_OBJC_IMPLEMENTATIONS = YES;
				CLANG_WARN_DIRECT_OBJC_ISA_USAGE = YES_ERROR;
				CLANG_WARN_DOCUMENTATION_COMMENTS = YES;
				CLANG_WARN_EMPTY_BODY = YES;
				CLANG_WARN_ENUM_CONVERSION = YES;
				CLANG_WARN_INFINITE_RECURSION = YES;
				CLANG_WARN_INT_CONVERSION = YES;
				CLANG_WARN_NON_LITERAL_NULL_CONVERSION = YES;
				CLANG_WARN_OBJC_IMPLICIT_RETAIN_SELF = YES;
				CLANG_WARN_OBJC_LITERAL_CONVERSION = YES;
				CLANG_WARN_OBJC_ROOT_CLASS = YES_ERROR;
				CLANG_WARN_QUOTED_INCLUDE_IN_FRAMEWORK_HEADER = YES;
				CLANG_WARN_RANGE_LOOP_ANALYSIS = YES;
				CLANG_WARN_STRICT_PROTOTYPES = YES;
				CLANG_WARN_SUSPICIOUS_MOVE = YES;
				CLANG_WARN_UNGUARDED_AVAILABILITY = YES_AGGRESSIVE;
				CLANG_WARN_UNREACHABLE_CODE = YES;
				CLANG_WARN__DUPLICATE_METHOD_MATCH = YES;
				COPY_PHASE_STRIP = NO;
				DEBUG_INFORMATION_FORMAT = dwarf;
				ENABLE_STRICT_OBJC_MSGSEND = YES;
				ENABLE_TESTABILITY = YES;
				GCC_C_LANGUAGE_STANDARD = gnu11;
				GCC_DYNAMIC_NO_PIC = NO;
				GCC_NO_COMMON_BLOCKS = YES;
				GCC_OPTIMIZATION_LEVEL = 0;
				GCC_PREPROCESSOR_DEFINITIONS = (
					"DEBUG=1",
					"$(inherited)",
				);
				GCC_WARN_64_TO_32_BIT_CONVERSION = YES;
				GCC_WARN_ABOUT_RETURN_TYPE = YES_ERROR;
				GCC_WARN_UNDECLARED_SELECTOR = YES;
				GCC_WARN_UNINITIALIZED_AUTOS = YES_AGGRESSIVE;
				GCC_WARN_UNUSED_FUNCTION = YES;
				GCC_WARN_UNUSED_VARIABLE = YES;
				IPHONEOS_DEPLOYMENT_TARGET = 16.4;
				MTL_ENABLE_DEBUG_INFO = INCLUDE_SOURCE;
				MTL_FAST_MATH = YES;
				ONLY_ACTIVE_ARCH = YES;
				SDKROOT = iphoneos;
				SWIFT_ACTIVE_COMPILATION_CONDITIONS = DEBUG;
				SWIFT_OPTIMIZATION_LEVEL = "-Onone";
			};
			name = Debug;
		};
		359FE0E92AD04E8A003644DB /* Release */ = {
			isa = XCBuildConfiguration;
			buildSettings = {
				ALWAYS_SEARCH_USER_PATHS = NO;
				CLANG_ANALYZER_NONNULL = YES;
				CLANG_ANALYZER_NUMBER_OBJECT_CONVERSION = YES_AGGRESSIVE;
				CLANG_CXX_LANGUAGE_STANDARD = "gnu++20";
				CLANG_ENABLE_MODULES = YES;
				CLANG_ENABLE_OBJC_ARC = YES;
				CLANG_ENABLE_OBJC_WEAK = YES;
				CLANG_WARN_BLOCK_CAPTURE_AUTORELEASING = YES;
				CLANG_WARN_BOOL_CONVERSION = YES;
				CLANG_WARN_COMMA = YES;
				CLANG_WARN_CONSTANT_CONVERSION = YES;
				CLANG_WARN_DEPRECATED_OBJC_IMPLEMENTATIONS = YES;
				CLANG_WARN_DIRECT_OBJC_ISA_USAGE = YES_ERROR;
				CLANG_WARN_DOCUMENTATION_COMMENTS = YES;
				CLANG_WARN_EMPTY_BODY = YES;
				CLANG_WARN_ENUM_CONVERSION = YES;
				CLANG_WARN_INFINITE_RECURSION = YES;
				CLANG_WARN_INT_CONVERSION = YES;
				CLANG_WARN_NON_LITERAL_NULL_CONVERSION = YES;
				CLANG_WARN_OBJC_IMPLICIT_RETAIN_SELF = YES;
				CLANG_WARN_OBJC_LITERAL_CONVERSION = YES;
				CLANG_WARN_OBJC_ROOT_CLASS = YES_ERROR;
				CLANG_WARN_QUOTED_INCLUDE_IN_FRAMEWORK_HEADER = YES;
				CLANG_WARN_RANGE_LOOP_ANALYSIS = YES;
				CLANG_WARN_STRICT_PROTOTYPES = YES;
				CLANG_WARN_SUSPICIOUS_MOVE = YES;
				CLANG_WARN_UNGUARDED_AVAILABILITY = YES_AGGRESSIVE;
				CLANG_WARN_UNREACHABLE_CODE = YES;
				CLANG_WARN__DUPLICATE_METHOD_MATCH = YES;
				COPY_PHASE_STRIP = NO;
				DEBUG_INFORMATION_FORMAT = "dwarf-with-dsym";
				ENABLE_NS_ASSERTIONS = NO;
				ENABLE_STRICT_OBJC_MSGSEND = YES;
				GCC_C_LANGUAGE_STANDARD = gnu11;
				GCC_NO_COMMON_BLOCKS = YES;
				GCC_WARN_64_TO_32_BIT_CONVERSION = YES;
				GCC_WARN_ABOUT_RETURN_TYPE = YES_ERROR;
				GCC_WARN_UNDECLARED_SELECTOR = YES;
				GCC_WARN_UNINITIALIZED_AUTOS = YES_AGGRESSIVE;
				GCC_WARN_UNUSED_FUNCTION = YES;
				GCC_WARN_UNUSED_VARIABLE = YES;
				IPHONEOS_DEPLOYMENT_TARGET = 16.4;
				MTL_ENABLE_DEBUG_INFO = NO;
				MTL_FAST_MATH = YES;
				SDKROOT = iphoneos;
				SWIFT_COMPILATION_MODE = wholemodule;
				SWIFT_OPTIMIZATION_LEVEL = "-O";
				VALIDATE_PRODUCT = YES;
			};
			name = Release;
		};
		359FE0EB2AD04E8A003644DB /* Debug */ = {
			isa = XCBuildConfiguration;
			buildSettings = {
				ASSETCATALOG_COMPILER_APPICON_NAME = AppIcon;
				ASSETCATALOG_COMPILER_GLOBAL_ACCENT_COLOR_NAME = AccentColor;
				CODE_SIGN_STYLE = Automatic;
				CURRENT_PROJECT_VERSION = 1;
				DEVELOPMENT_TEAM = YZW449RF67;
				GENERATE_INFOPLIST_FILE = YES;
				INFOPLIST_FILE = ClassNotes/Info.plist;
				INFOPLIST_KEY_UIApplicationSupportsIndirectInputEvents = YES;
				INFOPLIST_KEY_UILaunchStoryboardName = LaunchScreen;
				INFOPLIST_KEY_UIMainStoryboardFile = Main;
				INFOPLIST_KEY_UISupportedInterfaceOrientations_iPad = "UIInterfaceOrientationPortrait UIInterfaceOrientationPortraitUpsideDown UIInterfaceOrientationLandscapeLeft UIInterfaceOrientationLandscapeRight";
				INFOPLIST_KEY_UISupportedInterfaceOrientations_iPhone = "UIInterfaceOrientationPortrait UIInterfaceOrientationLandscapeLeft UIInterfaceOrientationLandscapeRight";
				LD_RUNPATH_SEARCH_PATHS = (
					"$(inherited)",
					"@executable_path/Frameworks",
				);
				MARKETING_VERSION = 1.0;
				PRODUCT_BUNDLE_IDENTIFIER = clc.ClassNotes;
				PRODUCT_NAME = "$(TARGET_NAME)";
				SWIFT_EMIT_LOC_STRINGS = YES;
				SWIFT_VERSION = 5.0;
				TARGETED_DEVICE_FAMILY = "1,2";
			};
			name = Debug;
		};
		359FE0EC2AD04E8A003644DB /* Release */ = {
			isa = XCBuildConfiguration;
			buildSettings = {
				ASSETCATALOG_COMPILER_APPICON_NAME = AppIcon;
				ASSETCATALOG_COMPILER_GLOBAL_ACCENT_COLOR_NAME = AccentColor;
				CODE_SIGN_STYLE = Automatic;
				CURRENT_PROJECT_VERSION = 1;
				DEVELOPMENT_TEAM = YZW449RF67;
				GENERATE_INFOPLIST_FILE = YES;
				INFOPLIST_FILE = ClassNotes/Info.plist;
				INFOPLIST_KEY_UIApplicationSupportsIndirectInputEvents = YES;
				INFOPLIST_KEY_UILaunchStoryboardName = LaunchScreen;
				INFOPLIST_KEY_UIMainStoryboardFile = Main;
				INFOPLIST_KEY_UISupportedInterfaceOrientations_iPad = "UIInterfaceOrientationPortrait UIInterfaceOrientationPortraitUpsideDown UIInterfaceOrientationLandscapeLeft UIInterfaceOrientationLandscapeRight";
				INFOPLIST_KEY_UISupportedInterfaceOrientations_iPhone = "UIInterfaceOrientationPortrait UIInterfaceOrientationLandscapeLeft UIInterfaceOrientationLandscapeRight";
				LD_RUNPATH_SEARCH_PATHS = (
					"$(inherited)",
					"@executable_path/Frameworks",
				);
				MARKETING_VERSION = 1.0;
				PRODUCT_BUNDLE_IDENTIFIER = clc.ClassNotes;
				PRODUCT_NAME = "$(TARGET_NAME)";
				SWIFT_EMIT_LOC_STRINGS = YES;
				SWIFT_VERSION = 5.0;
				TARGETED_DEVICE_FAMILY = "1,2";
			};
			name = Release;
		};
		359FE0EE2AD04E8A003644DB /* Debug */ = {
			isa = XCBuildConfiguration;
			buildSettings = {
				ALWAYS_EMBED_SWIFT_STANDARD_LIBRARIES = YES;
				BUNDLE_LOADER = "$(TEST_HOST)";
				CODE_SIGN_STYLE = Automatic;
				CURRENT_PROJECT_VERSION = 1;
				DEVELOPMENT_TEAM = YZW449RF67;
				GENERATE_INFOPLIST_FILE = YES;
				IPHONEOS_DEPLOYMENT_TARGET = 16.4;
				MARKETING_VERSION = 1.0;
				PRODUCT_BUNDLE_IDENTIFIER = clc.ClassNotesTests;
				PRODUCT_NAME = "$(TARGET_NAME)";
				SWIFT_EMIT_LOC_STRINGS = NO;
				SWIFT_VERSION = 5.0;
				TARGETED_DEVICE_FAMILY = "1,2";
				TEST_HOST = "$(BUILT_PRODUCTS_DIR)/ClassNotes.app/$(BUNDLE_EXECUTABLE_FOLDER_PATH)/ClassNotes";
			};
			name = Debug;
		};
		359FE0EF2AD04E8A003644DB /* Release */ = {
			isa = XCBuildConfiguration;
			buildSettings = {
				ALWAYS_EMBED_SWIFT_STANDARD_LIBRARIES = YES;
				BUNDLE_LOADER = "$(TEST_HOST)";
				CODE_SIGN_STYLE = Automatic;
				CURRENT_PROJECT_VERSION = 1;
				DEVELOPMENT_TEAM = YZW449RF67;
				GENERATE_INFOPLIST_FILE = YES;
				IPHONEOS_DEPLOYMENT_TARGET = 16.4;
				MARKETING_VERSION = 1.0;
				PRODUCT_BUNDLE_IDENTIFIER = clc.ClassNotesTests;
				PRODUCT_NAME = "$(TARGET_NAME)";
				SWIFT_EMIT_LOC_STRINGS = NO;
				SWIFT_VERSION = 5.0;
				TARGETED_DEVICE_FAMILY = "1,2";
				TEST_HOST = "$(BUILT_PRODUCTS_DIR)/ClassNotes.app/$(BUNDLE_EXECUTABLE_FOLDER_PATH)/ClassNotes";
			};
			name = Release;
		};
		359FE0F12AD04E8A003644DB /* Debug */ = {
			isa = XCBuildConfiguration;
			buildSettings = {
				ALWAYS_EMBED_SWIFT_STANDARD_LIBRARIES = YES;
				CODE_SIGN_STYLE = Automatic;
				CURRENT_PROJECT_VERSION = 1;
				DEVELOPMENT_TEAM = YZW449RF67;
				GENERATE_INFOPLIST_FILE = YES;
				MARKETING_VERSION = 1.0;
				PRODUCT_BUNDLE_IDENTIFIER = clc.ClassNotesUITests;
				PRODUCT_NAME = "$(TARGET_NAME)";
				SWIFT_EMIT_LOC_STRINGS = NO;
				SWIFT_VERSION = 5.0;
				TARGETED_DEVICE_FAMILY = "1,2";
				TEST_TARGET_NAME = ClassNotes;
			};
			name = Debug;
		};
		359FE0F22AD04E8A003644DB /* Release */ = {
			isa = XCBuildConfiguration;
			buildSettings = {
				ALWAYS_EMBED_SWIFT_STANDARD_LIBRARIES = YES;
				CODE_SIGN_STYLE = Automatic;
				CURRENT_PROJECT_VERSION = 1;
				DEVELOPMENT_TEAM = YZW449RF67;
				GENERATE_INFOPLIST_FILE = YES;
				MARKETING_VERSION = 1.0;
				PRODUCT_BUNDLE_IDENTIFIER = clc.ClassNotesUITests;
				PRODUCT_NAME = "$(TARGET_NAME)";
				SWIFT_EMIT_LOC_STRINGS = NO;
				SWIFT_VERSION = 5.0;
				TARGETED_DEVICE_FAMILY = "1,2";
				TEST_TARGET_NAME = ClassNotes;
			};
			name = Release;
		};
/* End XCBuildConfiguration section */

/* Begin XCConfigurationList section */
		359FE0B82AD04E89003644DB /* Build configuration list for PBXProject "ClassNotes" */ = {
			isa = XCConfigurationList;
			buildConfigurations = (
				359FE0E82AD04E8A003644DB /* Debug */,
				359FE0E92AD04E8A003644DB /* Release */,
			);
			defaultConfigurationIsVisible = 0;
			defaultConfigurationName = Release;
		};
		359FE0EA2AD04E8A003644DB /* Build configuration list for PBXNativeTarget "ClassNotes" */ = {
			isa = XCConfigurationList;
			buildConfigurations = (
				359FE0EB2AD04E8A003644DB /* Debug */,
				359FE0EC2AD04E8A003644DB /* Release */,
			);
			defaultConfigurationIsVisible = 0;
			defaultConfigurationName = Release;
		};
		359FE0ED2AD04E8A003644DB /* Build configuration list for PBXNativeTarget "ClassNotesTests" */ = {
			isa = XCConfigurationList;
			buildConfigurations = (
				359FE0EE2AD04E8A003644DB /* Debug */,
				359FE0EF2AD04E8A003644DB /* Release */,
			);
			defaultConfigurationIsVisible = 0;
			defaultConfigurationName = Release;
		};
		359FE0F02AD04E8A003644DB /* Build configuration list for PBXNativeTarget "ClassNotesUITests" */ = {
			isa = XCConfigurationList;
			buildConfigurations = (
				359FE0F12AD04E8A003644DB /* Debug */,
				359FE0F22AD04E8A003644DB /* Release */,
			);
			defaultConfigurationIsVisible = 0;
			defaultConfigurationName = Release;
		};
/* End XCConfigurationList section */

/* Begin XCVersionGroup section */
		359FE0C92AD04E89003644DB /* ClassNotes.xcdatamodeld */ = {
			isa = XCVersionGroup;
			children = (
				359FE0CA2AD04E89003644DB /* ClassNotes.xcdatamodel */,
			);
			currentVersion = 359FE0CA2AD04E89003644DB /* ClassNotes.xcdatamodel */;
			path = ClassNotes.xcdatamodeld;
			sourceTree = "<group>";
			versionGroupType = wrapper.xcdatamodel;
		};
/* End XCVersionGroup section */
	};
	rootObject = 359FE0B52AD04E89003644DB /* Project object */;
}
